
Microsoft Visual Studio Solution File, Format Version 12.00
# Visual Studio Version 17
VisualStudioVersion = 17.0.31903.59
MinimumVisualStudioVersion = 10.0.40219.1
Project("{9A19103F-16F7-4668-BE54-9A1E7A4F7556}") = "CloudPharmacy.Patient.WebApp", "CloudPharmacy.Patient.WebApp\CloudPharmacy.Patient.WebApp.csproj", "{79053463-17F7-47B8-B6BD-A61C34836EDC}"
EndProject
Project("{9A19103F-16F7-4668-BE54-9A1E7A4F7556}") = "CloudPharmacy.PharmacyStore.WebApp", "CloudPharmacy.PharmacyStore.WebApp\CloudPharmacy.PharmacyStore.WebApp.csproj", "{D39A6C48-1988-4D8A-89B2-13A74C56A7D2}"
EndProject
Project("{9A19103F-16F7-4668-BE54-9A1E7A4F7556}") = "CloudPharmacy.Physician.WebApp", "CloudPharmacy.Physician.WebApp\CloudPharmacy.Physician.WebApp.csproj", "{D4636FC7-2F66-4F2B-8507-940A14282FA1}"
EndProject
Global
	GlobalSection(SolutionConfigurationPlatforms) = preSolution
		Debug|Any CPU = Debug|Any CPU
		Release|Any CPU = Release|Any CPU
	EndGlobalSection
	GlobalSection(ProjectConfigurationPlatforms) = postSolution
		{79053463-17F7-47B8-B6BD-A61C34836EDC}.Debug|Any CPU.ActiveCfg = Debug|Any CPU
		{79053463-17F7-47B8-B6BD-A61C34836EDC}.Debug|Any CPU.Build.0 = Debug|Any CPU
		{79053463-17F7-47B8-B6BD-A61C34836EDC}.Release|Any CPU.ActiveCfg = Release|Any CPU
		{79053463-17F7-47B8-B6BD-A61C34836EDC}.Release|Any CPU.Build.0 = Release|Any CPU
		{D39A6C48-1988-4D8A-89B2-13A74C56A7D2}.Debug|Any CPU.ActiveCfg = Debug|Any CPU
		{D39A6C48-1988-4D8A-89B2-13A74C56A7D2}.Debug|Any CPU.Build.0 = Debug|Any CPU
		{D39A6C48-1988-4D8A-89B2-13A74C56A7D2}.Release|Any CPU.ActiveCfg = Release|Any CPU
		{D39A6C48-1988-4D8A-89B2-13A74C56A7D2}.Release|Any CPU.Build.0 = Release|Any CPU
		{D4636FC7-2F66-4F2B-8507-940A14282FA1}.Debug|Any CPU.ActiveCfg = Debug|Any CPU
		{D4636FC7-2F66-4F2B-8507-940A14282FA1}.Debug|Any CPU.Build.0 = Debug|Any CPU
		{D4636FC7-2F66-4F2B-8507-940A14282FA1}.Release|Any CPU.ActiveCfg = Release|Any CPU
		{D4636FC7-2F66-4F2B-8507-940A14282FA1}.Release|Any CPU.Build.0 = Release|Any CPU
	EndGlobalSection
	GlobalSection(SolutionProperties) = preSolution
		HideSolutionNode = FALSE
	EndGlobalSection
	GlobalSection(ExtensibilityGlobals) = postSolution
		SolutionGuid = {83D26A45-88DF-49BD-A76A-C4F180E5D2C9}
	EndGlobalSection
EndGlobal
